# THIS IS AN AUTOGENERATED FILE. DO NOT EDIT THIS FILE DIRECTLY.
# yarn lockfile v1


jquery@^3.3.1:
  version "3.3.1"
  resolved "https://registry.yarnpkg.com/jquery/-/jquery-3.3.1.tgz#958ce29e81c9790f31be7792df5d4d95fc57fbca"

knockout-mapping@^2.6.0:
  version "2.6.0"
  resolved "https://registry.yarnpkg.com/knockout-mapping/-/knockout-mapping-2.6.0.tgz#052759d01ecf30d4947e8ebe64ad2c82933f06ff"

knockout.validation@^2.0.3:
  version "2.0.3"
  resolved "https://registry.yarnpkg.com/knockout.validation/-/knockout.validation-2.0.3.tgz#899de5232364e1ecd5d946e080f6a26293046329"

knockout@^3.5.0-beta:
  version "3.5.0-beta"
  resolved "https://registry.yarnpkg.com/knockout/-/knockout-3.5.0-beta.tgz#0a90af428f6b5dfbba73fe57be1dc78bb3812758"

requirejs-text@^2.0.15:
  version "2.0.15"
  resolved "https://registry.yarnpkg.com/requirejs-text/-/requirejs-text-2.0.15.tgz#13138733613fc4457b7e1247e8cb751df7aa5429"

requirejs@^2.3.5:
  version "2.3.5"
  resolved "https://registry.yarnpkg.com/requirejs/-/requirejs-2.3.5.tgz#617b9acbbcb336540ef4914d790323a8d4b861b0"
